
Microsoft Visual Studio Solution File, Format Version 12.00
# Visual Studio Version 16
VisualStudioVersion = 16.0.31025.194
MinimumVisualStudioVersion = 10.0.40219.1
Project("{FAE04EC0-301F-11D3-BF4B-00C04F79EFBC}") = "Practice0309", "Practice0309\Practice0309.csproj", "{1616726C-3D06-40D8-93B6-BB54D24BCEE2}"
EndProject
Global
	GlobalSection(SolutionConfigurationPlatforms) = preSolution
		Debug|Any CPU = Debug|Any CPU
		Release|Any CPU = Release|Any CPU
	EndGlobalSection
	GlobalSection(ProjectConfigurationPlatforms) = postSolution
		{1616726C-3D06-40D8-93B6-BB54D24BCEE2}.Debug|Any CPU.ActiveCfg = Debug|Any CPU
		{1616726C-3D06-40D8-93B6-BB54D24BCEE2}.Debug|Any CPU.Build.0 = Debug|Any CPU
		{1616726C-3D06-40D8-93B6-BB54D24BCEE2}.Release|Any CPU.ActiveCfg = Release|Any CPU
		{1616726C-3D06-40D8-93B6-BB54D24BCEE2}.Release|Any CPU.Build.0 = Release|Any CPU
	EndGlobalSection
	GlobalSection(SolutionProperties) = preSolution
		HideSolutionNode = FALSE
	EndGlobalSection
	GlobalSection(ExtensibilityGlobals) = postSolution
		SolutionGuid = {508A75B5-C4DA-4A0D-A6F0-D5210BB86707}
	EndGlobalSection
EndGlobal
