
Microsoft Visual Studio Solution File, Format Version 12.00
# Visual Studio Version 16
VisualStudioVersion = 16.0.30717.126
MinimumVisualStudioVersion = 10.0.40219.1
Project("{FAE04EC0-301F-11D3-BF4B-00C04F79EFBC}") = "AddressTest0218", "AddressTest0218\AddressTest0218.csproj", "{C5A9D75E-95C3-4555-8951-19E9A292E6B8}"
EndProject
Global
	GlobalSection(SolutionConfigurationPlatforms) = preSolution
		Debug|Any CPU = Debug|Any CPU
		Release|Any CPU = Release|Any CPU
	EndGlobalSection
	GlobalSection(ProjectConfigurationPlatforms) = postSolution
		{C5A9D75E-95C3-4555-8951-19E9A292E6B8}.Debug|Any CPU.ActiveCfg = Debug|Any CPU
		{C5A9D75E-95C3-4555-8951-19E9A292E6B8}.Debug|Any CPU.Build.0 = Debug|Any CPU
		{C5A9D75E-95C3-4555-8951-19E9A292E6B8}.Release|Any CPU.ActiveCfg = Release|Any CPU
		{C5A9D75E-95C3-4555-8951-19E9A292E6B8}.Release|Any CPU.Build.0 = Release|Any CPU
	EndGlobalSection
	GlobalSection(SolutionProperties) = preSolution
		HideSolutionNode = FALSE
	EndGlobalSection
	GlobalSection(ExtensibilityGlobals) = postSolution
		SolutionGuid = {C903DB42-E916-46E4-A284-FF1834F77B9F}
	EndGlobalSection
EndGlobal
